
Microsoft Visual Studio Solution File, Format Version 12.00
Project("{FAE04EC0-301F-11D3-BF4B-00C04F79EFBC}") = "RequestService", "RequestService\RequestService.csproj", "{CC07ED21-72C1-41D8-8799-B61664CEB732}"
EndProject
Global
	GlobalSection(SolutionConfigurationPlatforms) = preSolution
		Debug|Any CPU = Debug|Any CPU
		Release|Any CPU = Release|Any CPU
	EndGlobalSection
	GlobalSection(ProjectConfigurationPlatforms) = postSolution
		{CC07ED21-72C1-41D8-8799-B61664CEB732}.Debug|Any CPU.ActiveCfg = Debug|Any CPU
		{CC07ED21-72C1-41D8-8799-B61664CEB732}.Debug|Any CPU.Build.0 = Debug|Any CPU
		{CC07ED21-72C1-41D8-8799-B61664CEB732}.Release|Any CPU.ActiveCfg = Release|Any CPU
		{CC07ED21-72C1-41D8-8799-B61664CEB732}.Release|Any CPU.Build.0 = Release|Any CPU
	EndGlobalSection
EndGlobal
